
Microsoft Visual Studio Solution File, Format Version 12.00
# Visual Studio Version 17
VisualStudioVersion = 17.12.35506.116 d17.12
MinimumVisualStudioVersion = 10.0.40219.1
Project("{FAE04EC0-301F-11D3-BF4B-00C04F79EFBC}") = "DietSync.API", "DietSync.API\DietSync.API.csproj", "{E983FEFB-50FC-4AE3-A40F-6B9814C6204E}"
EndProject
Project("{FAE04EC0-301F-11D3-BF4B-00C04F79EFBC}") = "DietSync.Application", "DietSync.Application\DietSync.Application.csproj", "{3781BE83-26A1-46B7-B82A-5BB8975B844A}"
EndProject
Project("{FAE04EC0-301F-11D3-BF4B-00C04F79EFBC}") = "DietSync.Core", "DietSync.Core\DietSync.Core.csproj", "{C4B7AFBE-D8D4-436D-854A-8F9172720121}"
EndProject
Project("{FAE04EC0-301F-11D3-BF4B-00C04F79EFBC}") = "DietSync.Infrastructure", "DietSync.Infrastructure\DietSync.Infrastructure.csproj", "{DA22C4FB-6A97-41D2-A160-4460DD1E140F}"
EndProject
Project("{FAE04EC0-301F-11D3-BF4B-00C04F79EFBC}") = "DietSync.UnitTests", "DietSync.UnitTests\DietSync.UnitTests.csproj", "{C1DD6A55-BE5A-4872-8D3A-D9B102A9C9E0}"
EndProject
Global
	GlobalSection(SolutionConfigurationPlatforms) = preSolution
		Debug|Any CPU = Debug|Any CPU
		Release|Any CPU = Release|Any CPU
	EndGlobalSection
	GlobalSection(ProjectConfigurationPlatforms) = postSolution
		{E983FEFB-50FC-4AE3-A40F-6B9814C6204E}.Debug|Any CPU.ActiveCfg = Debug|Any CPU
		{E983FEFB-50FC-4AE3-A40F-6B9814C6204E}.Debug|Any CPU.Build.0 = Debug|Any CPU
		{E983FEFB-50FC-4AE3-A40F-6B9814C6204E}.Release|Any CPU.ActiveCfg = Release|Any CPU
		{E983FEFB-50FC-4AE3-A40F-6B9814C6204E}.Release|Any CPU.Build.0 = Release|Any CPU
		{3781BE83-26A1-46B7-B82A-5BB8975B844A}.Debug|Any CPU.ActiveCfg = Debug|Any CPU
		{3781BE83-26A1-46B7-B82A-5BB8975B844A}.Debug|Any CPU.Build.0 = Debug|Any CPU
		{3781BE83-26A1-46B7-B82A-5BB8975B844A}.Release|Any CPU.ActiveCfg = Release|Any CPU
		{3781BE83-26A1-46B7-B82A-5BB8975B844A}.Release|Any CPU.Build.0 = Release|Any CPU
		{C4B7AFBE-D8D4-436D-854A-8F9172720121}.Debug|Any CPU.ActiveCfg = Debug|Any CPU
		{C4B7AFBE-D8D4-436D-854A-8F9172720121}.Debug|Any CPU.Build.0 = Debug|Any CPU
		{C4B7AFBE-D8D4-436D-854A-8F9172720121}.Release|Any CPU.ActiveCfg = Release|Any CPU
		{C4B7AFBE-D8D4-436D-854A-8F9172720121}.Release|Any CPU.Build.0 = Release|Any CPU
		{DA22C4FB-6A97-41D2-A160-4460DD1E140F}.Debug|Any CPU.ActiveCfg = Debug|Any CPU
		{DA22C4FB-6A97-41D2-A160-4460DD1E140F}.Debug|Any CPU.Build.0 = Debug|Any CPU
		{DA22C4FB-6A97-41D2-A160-4460DD1E140F}.Release|Any CPU.ActiveCfg = Release|Any CPU
		{DA22C4FB-6A97-41D2-A160-4460DD1E140F}.Release|Any CPU.Build.0 = Release|Any CPU
		{C1DD6A55-BE5A-4872-8D3A-D9B102A9C9E0}.Debug|Any CPU.ActiveCfg = Debug|Any CPU
		{C1DD6A55-BE5A-4872-8D3A-D9B102A9C9E0}.Debug|Any CPU.Build.0 = Debug|Any CPU
		{C1DD6A55-BE5A-4872-8D3A-D9B102A9C9E0}.Release|Any CPU.ActiveCfg = Release|Any CPU
		{C1DD6A55-BE5A-4872-8D3A-D9B102A9C9E0}.Release|Any CPU.Build.0 = Release|Any CPU
	EndGlobalSection
	GlobalSection(SolutionProperties) = preSolution
		HideSolutionNode = FALSE
	EndGlobalSection
EndGlobal
